
Microsoft Visual Studio Solution File, Format Version 12.00
# Visual Studio 14
VisualStudioVersion = 14.0.25420.1
MinimumVisualStudioVersion = 10.0.40219.1
Project("{FAE04EC0-301F-11D3-BF4B-00C04F79EFBC}") = "Solid-Master", "Solid-Master\Solid-Master.csproj", "{6EE63713-5C30-4EBE-8553-8C5CACFA9A6B}"
EndProject
Project("{FAE04EC0-301F-11D3-BF4B-00C04F79EFBC}") = "SOLID.Assessment", "SOLID.Assessment\SOLID.Assessment.csproj", "{FF4BCA18-DF9B-4386-AAFF-2B5688ED2646}"
EndProject
Global
	GlobalSection(SolutionConfigurationPlatforms) = preSolution
		Debug|Any CPU = Debug|Any CPU
		Release|Any CPU = Release|Any CPU
	EndGlobalSection
	GlobalSection(ProjectConfigurationPlatforms) = postSolution
		{6EE63713-5C30-4EBE-8553-8C5CACFA9A6B}.Debug|Any CPU.ActiveCfg = Debug|Any CPU
		{6EE63713-5C30-4EBE-8553-8C5CACFA9A6B}.Debug|Any CPU.Build.0 = Debug|Any CPU
		{6EE63713-5C30-4EBE-8553-8C5CACFA9A6B}.Release|Any CPU.ActiveCfg = Release|Any CPU
		{6EE63713-5C30-4EBE-8553-8C5CACFA9A6B}.Release|Any CPU.Build.0 = Release|Any CPU
		{FF4BCA18-DF9B-4386-AAFF-2B5688ED2646}.Debug|Any CPU.ActiveCfg = Debug|Any CPU
		{FF4BCA18-DF9B-4386-AAFF-2B5688ED2646}.Debug|Any CPU.Build.0 = Debug|Any CPU
		{FF4BCA18-DF9B-4386-AAFF-2B5688ED2646}.Release|Any CPU.ActiveCfg = Release|Any CPU
		{FF4BCA18-DF9B-4386-AAFF-2B5688ED2646}.Release|Any CPU.Build.0 = Release|Any CPU
	EndGlobalSection
	GlobalSection(SolutionProperties) = preSolution
		HideSolutionNode = FALSE
	EndGlobalSection
EndGlobal
